
Microsoft Visual Studio Solution File, Format Version 12.00
Project("{FAE04EC0-301F-11D3-BF4B-00C04F79EFBC}") = "Storyteller.BlazorApp", "Storyteller.BlazorApp\Storyteller.BlazorApp.csproj", "{6093AA3B-FC4A-401A-9580-4C393D4DDB6D}"
EndProject
Project("{FAE04EC0-301F-11D3-BF4B-00C04F79EFBC}") = "Storyteller.BlazorApp.Tests.Unit", "Storyteller.BlazorApp.Tests.Unit\Storyteller.BlazorApp.Tests.Unit.csproj", "{2E0EF618-3B38-4F5A-9747-7F63A91E7E5F}"
EndProject
Global
	GlobalSection(SolutionConfigurationPlatforms) = preSolution
		Debug|Any CPU = Debug|Any CPU
		Release|Any CPU = Release|Any CPU
	EndGlobalSection
	GlobalSection(ProjectConfigurationPlatforms) = postSolution
		{6093AA3B-FC4A-401A-9580-4C393D4DDB6D}.Debug|Any CPU.ActiveCfg = Debug|Any CPU
		{6093AA3B-FC4A-401A-9580-4C393D4DDB6D}.Debug|Any CPU.Build.0 = Debug|Any CPU
		{6093AA3B-FC4A-401A-9580-4C393D4DDB6D}.Release|Any CPU.ActiveCfg = Release|Any CPU
		{6093AA3B-FC4A-401A-9580-4C393D4DDB6D}.Release|Any CPU.Build.0 = Release|Any CPU
		{2E0EF618-3B38-4F5A-9747-7F63A91E7E5F}.Debug|Any CPU.ActiveCfg = Debug|Any CPU
		{2E0EF618-3B38-4F5A-9747-7F63A91E7E5F}.Debug|Any CPU.Build.0 = Debug|Any CPU
		{2E0EF618-3B38-4F5A-9747-7F63A91E7E5F}.Release|Any CPU.ActiveCfg = Release|Any CPU
		{2E0EF618-3B38-4F5A-9747-7F63A91E7E5F}.Release|Any CPU.Build.0 = Release|Any CPU
	EndGlobalSection
EndGlobal
